{
  "name": "color-extractor",
  "lockfileVersion": 2,
  "requires": true,
  "packages": {
    "": {
      "dependencies": {
        "kmeans": "^0.0.1"
      }
    },
    "node_modules/kmeans": {
      "version": "0.0.1",
      "resolved": "https://registry.npmjs.org/kmeans/-/kmeans-0.0.1.tgz",
      "integrity": "sha512-rTw8Oh5zoK+hKY+rPpnsQ8gFaaI93HTb277fRDHb1Hij2Sk+B9HlqedE/cyJVtk7962O0qkKNjrEQRLijppp7w==",
      "engines": {
        "node": "*"
      }
    }
  },
  "dependencies": {
    "kmeans": {
      "version": "0.0.1",
      "resolved": "https://registry.npmjs.org/kmeans/-/kmeans-0.0.1.tgz",
      "integrity": "sha512-rTw8Oh5zoK+hKY+rPpnsQ8gFaaI93HTb277fRDHb1Hij2Sk+B9HlqedE/cyJVtk7962O0qkKNjrEQRLijppp7w=="
    }
  }
}
